
Microsoft Visual Studio Solution File, Format Version 12.00
# Visual Studio Version 17
VisualStudioVersion = 17.6.33829.357
MinimumVisualStudioVersion = 10.0.40219.1
Project("{FAE04EC0-301F-11D3-BF4B-00C04F79EFBC}") = "firstdevopsapp", "firstdevopsapp\firstdevopsapp.csproj", "{57C0E617-9B7B-41F7-9719-139D45021B15}"
EndProject
Global
	GlobalSection(SolutionConfigurationPlatforms) = preSolution
		Debug|Any CPU = Debug|Any CPU
		Release|Any CPU = Release|Any CPU
	EndGlobalSection
	GlobalSection(ProjectConfigurationPlatforms) = postSolution
		{57C0E617-9B7B-41F7-9719-139D45021B15}.Debug|Any CPU.ActiveCfg = Debug|Any CPU
		{57C0E617-9B7B-41F7-9719-139D45021B15}.Debug|Any CPU.Build.0 = Debug|Any CPU
		{57C0E617-9B7B-41F7-9719-139D45021B15}.Release|Any CPU.ActiveCfg = Release|Any CPU
		{57C0E617-9B7B-41F7-9719-139D45021B15}.Release|Any CPU.Build.0 = Release|Any CPU
	EndGlobalSection
	GlobalSection(SolutionProperties) = preSolution
		HideSolutionNode = FALSE
	EndGlobalSection
	GlobalSection(ExtensibilityGlobals) = postSolution
		SolutionGuid = {0EDF490D-665C-4C10-A28E-C148A013A5B6}
	EndGlobalSection
EndGlobal
